// !$*UTF8*$!
{
	archiveVersion = 1;
	classes = {
	};
	objectVersion = 56;
	objects = {

/* Begin PBXBuildFile section */
		0D46ACB629AE895C00514462 /* LandmarksApp.swift in Sources */ = {isa = PBXBuildFile; fileRef = 0D46ACB529AE895C00514462 /* LandmarksApp.swift */; };
		0D46ACB829AE895C00514462 /* ContentView.swift in Sources */ = {isa = PBXBuildFile; fileRef = 0D46ACB729AE895C00514462 /* ContentView.swift */; };
		0D46ACBA29AE895E00514462 /* Assets.xcassets in Resources */ = {isa = PBXBuildFile; fileRef = 0D46ACB929AE895E00514462 /* Assets.xcassets */; };
		0D46ACBD29AE895E00514462 /* Preview Assets.xcassets in Resources */ = {isa = PBXBuildFile; fileRef = 0D46ACBC29AE895E00514462 /* Preview Assets.xcassets */; };
		0D6160CC29AE8CED0086B94E /* CircleImage.swift in Sources */ = {isa = PBXBuildFile; fileRef = 0D6160CB29AE8CED0086B94E /* CircleImage.swift */; };
		0D6160CE29AE8E480086B94E /* MapView.swift in Sources */ = {isa = PBXBuildFile; fileRef = 0D6160CD29AE8E480086B94E /* MapView.swift */; };
		0D73CDEC29AF4F7C00FA32D2 /* HexagonParameters.swift in Sources */ = {isa = PBXBuildFile; fileRef = 0D73CDEB29AF4F7C00FA32D2 /* HexagonParameters.swift */; };
		0D73CDEE29AF4FDD00FA32D2 /* BadgeBackground.swift in Sources */ = {isa = PBXBuildFile; fileRef = 0D73CDED29AF4FDD00FA32D2 /* BadgeBackground.swift */; };
		0D73CDF029AF513D00FA32D2 /* BadgeSymbol.swift in Sources */ = {isa = PBXBuildFile; fileRef = 0D73CDEF29AF513D00FA32D2 /* BadgeSymbol.swift */; };
		0D73CDF229AF519600FA32D2 /* RotatedBadgeSymbol.swift in Sources */ = {isa = PBXBuildFile; fileRef = 0D73CDF129AF519600FA32D2 /* RotatedBadgeSymbol.swift */; };
		0D73CDF429AF51B800FA32D2 /* Badge.swift in Sources */ = {isa = PBXBuildFile; fileRef = 0D73CDF329AF51B800FA32D2 /* Badge.swift */; };
		0D73CDF729AF539A00FA32D2 /* hikeData.json in Resources */ = {isa = PBXBuildFile; fileRef = 0D73CDF629AF539A00FA32D2 /* hikeData.json */; };
		0D73CDF929AF53B300FA32D2 /* Hike.swift in Sources */ = {isa = PBXBuildFile; fileRef = 0D73CDF829AF53B300FA32D2 /* Hike.swift */; };
		0D73CDFF29AF543400FA32D2 /* GraphCapsule.swift in Sources */ = {isa = PBXBuildFile; fileRef = 0D73CDFB29AF543400FA32D2 /* GraphCapsule.swift */; };
		0D73CE0029AF543400FA32D2 /* HikeGraph.swift in Sources */ = {isa = PBXBuildFile; fileRef = 0D73CDFC29AF543400FA32D2 /* HikeGraph.swift */; };
		0D73CE0129AF543400FA32D2 /* HikeDetail.swift in Sources */ = {isa = PBXBuildFile; fileRef = 0D73CDFD29AF543400FA32D2 /* HikeDetail.swift */; };
		0D73CE0229AF543400FA32D2 /* HikeView.swift in Sources */ = {isa = PBXBuildFile; fileRef = 0D73CDFE29AF543400FA32D2 /* HikeView.swift */; };
		0D73CE0429AF578D00FA32D2 /* CategoryHome.swift in Sources */ = {isa = PBXBuildFile; fileRef = 0D73CE0329AF578D00FA32D2 /* CategoryHome.swift */; };
		0D73CE0629AF585300FA32D2 /* CategoryRow.swift in Sources */ = {isa = PBXBuildFile; fileRef = 0D73CE0529AF585300FA32D2 /* CategoryRow.swift */; };
		0D73CE0829AF588E00FA32D2 /* CategoryItem.swift in Sources */ = {isa = PBXBuildFile; fileRef = 0D73CE0729AF588E00FA32D2 /* CategoryItem.swift */; };
		0D73CE0A29AF5BE200FA32D2 /* Profile.swift in Sources */ = {isa = PBXBuildFile; fileRef = 0D73CE0929AF5BE200FA32D2 /* Profile.swift */; };
		0D73CE0D29AF5C2400FA32D2 /* ProfileHost.swift in Sources */ = {isa = PBXBuildFile; fileRef = 0D73CE0C29AF5C2400FA32D2 /* ProfileHost.swift */; };
		0D73CE0F29AF5C4500FA32D2 /* ProfileSummary.swift in Sources */ = {isa = PBXBuildFile; fileRef = 0D73CE0E29AF5C4500FA32D2 /* ProfileSummary.swift */; };
		0D73CE1129AF5C9000FA32D2 /* HikeBadge.swift in Sources */ = {isa = PBXBuildFile; fileRef = 0D73CE1029AF5C9000FA32D2 /* HikeBadge.swift */; };
		0D73CE1329AF5E4700FA32D2 /* ProfileEditor.swift .swift in Sources */ = {isa = PBXBuildFile; fileRef = 0D73CE1229AF5E4700FA32D2 /* ProfileEditor.swift .swift */; };
		0D73CE1529AF601A00FA32D2 /* PageViewController.swift .swift in Sources */ = {isa = PBXBuildFile; fileRef = 0D73CE1429AF601A00FA32D2 /* PageViewController.swift .swift */; };
		0D73CE1729AF609A00FA32D2 /* FeatureCard.swift in Sources */ = {isa = PBXBuildFile; fileRef = 0D73CE1629AF609A00FA32D2 /* FeatureCard.swift */; };
		0D73CE1929AF60E000FA32D2 /* PageView.swift in Sources */ = {isa = PBXBuildFile; fileRef = 0D73CE1829AF60E000FA32D2 /* PageView.swift */; };
		0D73CE1B29AF62B900FA32D2 /* PageControl.swift in Sources */ = {isa = PBXBuildFile; fileRef = 0D73CE1A29AF62B900FA32D2 /* PageControl.swift */; };
		0DA0B02F29AF3D5400D08BF6 /* landmarkData.json in Resources */ = {isa = PBXBuildFile; fileRef = 0DA0B02E29AF3D5400D08BF6 /* landmarkData.json */; };
		0DA0B03129AF3D7E00D08BF6 /* Landmark.swift in Sources */ = {isa = PBXBuildFile; fileRef = 0DA0B03029AF3D7E00D08BF6 /* Landmark.swift */; };
		0DA0B03329AF3E6100D08BF6 /* ModelData.swift in Sources */ = {isa = PBXBuildFile; fileRef = 0DA0B03229AF3E6100D08BF6 /* ModelData.swift */; };
		0DA0B03B29AF404200D08BF6 /* LandmarkRow.swift in Sources */ = {isa = PBXBuildFile; fileRef = 0DA0B03A29AF404200D08BF6 /* LandmarkRow.swift */; };
		0DA0B03E29AF420400D08BF6 /* LandmarkList.swift in Sources */ = {isa = PBXBuildFile; fileRef = 0DA0B03D29AF420400D08BF6 /* LandmarkList.swift */; };
		0DA0B04029AF431C00D08BF6 /* LandmarkDetail.swift in Sources */ = {isa = PBXBuildFile; fileRef = 0DA0B03F29AF431C00D08BF6 /* LandmarkDetail.swift */; };
		0DA0B04229AF4D7000D08BF6 /* FavoriteButton.swift in Sources */ = {isa = PBXBuildFile; fileRef = 0DA0B04129AF4D7000D08BF6 /* FavoriteButton.swift */; };
/* End PBXBuildFile section */

/* Begin PBXFileReference section */
		0D46ACB229AE895C00514462 /* Landmarks.app */ = {isa = PBXFileReference; explicitFileType = wrapper.application; includeInIndex = 0; path = Landmarks.app; sourceTree = BUILT_PRODUCTS_DIR; };
		0D46ACB529AE895C00514462 /* LandmarksApp.swift */ = {isa = PBXFileReference; lastKnownFileType = sourcecode.swift; path = LandmarksApp.swift; sourceTree = "<group>"; };
		0D46ACB729AE895C00514462 /* ContentView.swift */ = {isa = PBXFileReference; lastKnownFileType = sourcecode.swift; path = ContentView.swift; sourceTree = "<group>"; };
		0D46ACB929AE895E00514462 /* Assets.xcassets */ = {isa = PBXFileReference; lastKnownFileType = folder.assetcatalog; path = Assets.xcassets; sourceTree = "<group>"; };
		0D46ACBC29AE895E00514462 /* Preview Assets.xcassets */ = {isa = PBXFileReference; lastKnownFileType = folder.assetcatalog; path = "Preview Assets.xcassets"; sourceTree = "<group>"; };
		0D6160CB29AE8CED0086B94E /* CircleImage.swift */ = {isa = PBXFileReference; lastKnownFileType = sourcecode.swift; path = CircleImage.swift; sourceTree = "<group>"; };
		0D6160CD29AE8E480086B94E /* MapView.swift */ = {isa = PBXFileReference; lastKnownFileType = sourcecode.swift; path = MapView.swift; sourceTree = "<group>"; };
		0D73CDEB29AF4F7C00FA32D2 /* HexagonParameters.swift */ = {isa = PBXFileReference; lastKnownFileType = sourcecode.swift; path = HexagonParameters.swift; sourceTree = "<group>"; };
		0D73CDED29AF4FDD00FA32D2 /* BadgeBackground.swift */ = {isa = PBXFileReference; lastKnownFileType = sourcecode.swift; path = BadgeBackground.swift; sourceTree = "<group>"; };
		0D73CDEF29AF513D00FA32D2 /* BadgeSymbol.swift */ = {isa = PBXFileReference; lastKnownFileType = sourcecode.swift; path = BadgeSymbol.swift; sourceTree = "<group>"; };
		0D73CDF129AF519600FA32D2 /* RotatedBadgeSymbol.swift */ = {isa = PBXFileReference; lastKnownFileType = sourcecode.swift; path = RotatedBadgeSymbol.swift; sourceTree = "<group>"; };
		0D73CDF329AF51B800FA32D2 /* Badge.swift */ = {isa = PBXFileReference; lastKnownFileType = sourcecode.swift; path = Badge.swift; sourceTree = "<group>"; };
		0D73CDF629AF539A00FA32D2 /* hikeData.json */ = {isa = PBXFileReference; fileEncoding = 4; lastKnownFileType = text.json; path = hikeData.json; sourceTree = "<group>"; };
		0D73CDF829AF53B300FA32D2 /* Hike.swift */ = {isa = PBXFileReference; lastKnownFileType = sourcecode.swift; path = Hike.swift; sourceTree = "<group>"; };
		0D73CDFB29AF543400FA32D2 /* GraphCapsule.swift */ = {isa = PBXFileReference; fileEncoding = 4; lastKnownFileType = sourcecode.swift; path = GraphCapsule.swift; sourceTree = "<group>"; };
		0D73CDFC29AF543400FA32D2 /* HikeGraph.swift */ = {isa = PBXFileReference; fileEncoding = 4; lastKnownFileType = sourcecode.swift; path = HikeGraph.swift; sourceTree = "<group>"; };
		0D73CDFD29AF543400FA32D2 /* HikeDetail.swift */ = {isa = PBXFileReference; fileEncoding = 4; lastKnownFileType = sourcecode.swift; path = HikeDetail.swift; sourceTree = "<group>"; };
		0D73CDFE29AF543400FA32D2 /* HikeView.swift */ = {isa = PBXFileReference; fileEncoding = 4; lastKnownFileType = sourcecode.swift; path = HikeView.swift; sourceTree = "<group>"; };
		0D73CE0329AF578D00FA32D2 /* CategoryHome.swift */ = {isa = PBXFileReference; lastKnownFileType = sourcecode.swift; path = CategoryHome.swift; sourceTree = "<group>"; };
		0D73CE0529AF585300FA32D2 /* CategoryRow.swift */ = {isa = PBXFileReference; lastKnownFileType = sourcecode.swift; path = CategoryRow.swift; sourceTree = "<group>"; };
		0D73CE0729AF588E00FA32D2 /* CategoryItem.swift */ = {isa = PBXFileReference; lastKnownFileType = sourcecode.swift; path = CategoryItem.swift; sourceTree = "<group>"; };
		0D73CE0929AF5BE200FA32D2 /* Profile.swift */ = {isa = PBXFileReference; lastKnownFileType = sourcecode.swift; path = Profile.swift; sourceTree = "<group>"; };
		0D73CE0C29AF5C2400FA32D2 /* ProfileHost.swift */ = {isa = PBXFileReference; lastKnownFileType = sourcecode.swift; path = ProfileHost.swift; sourceTree = "<group>"; };
		0D73CE0E29AF5C4500FA32D2 /* ProfileSummary.swift */ = {isa = PBXFileReference; lastKnownFileType = sourcecode.swift; path = ProfileSummary.swift; sourceTree = "<group>"; };
		0D73CE1029AF5C9000FA32D2 /* HikeBadge.swift */ = {isa = PBXFileReference; lastKnownFileType = sourcecode.swift; path = HikeBadge.swift; sourceTree = "<group>"; };
		0D73CE1229AF5E4700FA32D2 /* ProfileEditor.swift .swift */ = {isa = PBXFileReference; lastKnownFileType = sourcecode.swift; path = "ProfileEditor.swift .swift"; sourceTree = "<group>"; };
		0D73CE1429AF601A00FA32D2 /* PageViewController.swift .swift */ = {isa = PBXFileReference; lastKnownFileType = sourcecode.swift; path = "PageViewController.swift .swift"; sourceTree = "<group>"; };
		0D73CE1629AF609A00FA32D2 /* FeatureCard.swift */ = {isa = PBXFileReference; lastKnownFileType = sourcecode.swift; path = FeatureCard.swift; sourceTree = "<group>"; };
		0D73CE1829AF60E000FA32D2 /* PageView.swift */ = {isa = PBXFileReference; lastKnownFileType = sourcecode.swift; path = PageView.swift; sourceTree = "<group>"; };
		0D73CE1A29AF62B900FA32D2 /* PageControl.swift */ = {isa = PBXFileReference; lastKnownFileType = sourcecode.swift; path = PageControl.swift; sourceTree = "<group>"; };
		0DA0B02E29AF3D5400D08BF6 /* landmarkData.json */ = {isa = PBXFileReference; fileEncoding = 4; lastKnownFileType = text.json; path = landmarkData.json; sourceTree = "<group>"; };
		0DA0B03029AF3D7E00D08BF6 /* Landmark.swift */ = {isa = PBXFileReference; lastKnownFileType = sourcecode.swift; path = Landmark.swift; sourceTree = "<group>"; };
		0DA0B03229AF3E6100D08BF6 /* ModelData.swift */ = {isa = PBXFileReference; lastKnownFileType = sourcecode.swift; path = ModelData.swift; sourceTree = "<group>"; };
		0DA0B03A29AF404200D08BF6 /* LandmarkRow.swift */ = {isa = PBXFileReference; lastKnownFileType = sourcecode.swift; path = LandmarkRow.swift; sourceTree = "<group>"; };
		0DA0B03D29AF420400D08BF6 /* LandmarkList.swift */ = {isa = PBXFileReference; lastKnownFileType = sourcecode.swift; path = LandmarkList.swift; sourceTree = "<group>"; };
		0DA0B03F29AF431C00D08BF6 /* LandmarkDetail.swift */ = {isa = PBXFileReference; lastKnownFileType = sourcecode.swift; path = LandmarkDetail.swift; sourceTree = "<group>"; };
		0DA0B04129AF4D7000D08BF6 /* FavoriteButton.swift */ = {isa = PBXFileReference; lastKnownFileType = sourcecode.swift; path = FavoriteButton.swift; sourceTree = "<group>"; };
/* End PBXFileReference section */

/* Begin PBXFrameworksBuildPhase section */
		0D46ACAF29AE895C00514462 /* Frameworks */ = {
			isa = PBXFrameworksBuildPhase;
			buildActionMask = 2147483647;
			files = (
			);
			runOnlyForDeploymentPostprocessing = 0;
		};
/* End PBXFrameworksBuildPhase section */

/* Begin PBXGroup section */
		0D46ACA929AE895C00514462 = {
			isa = PBXGroup;
			children = (
				0D46ACB429AE895C00514462 /* Landmarks */,
				0D46ACB329AE895C00514462 /* Products */,
			);
			sourceTree = "<group>";
		};
		0D46ACB329AE895C00514462 /* Products */ = {
			isa = PBXGroup;
			children = (
				0D46ACB229AE895C00514462 /* Landmarks.app */,
			);
			name = Products;
			sourceTree = "<group>";
		};
		0D46ACB429AE895C00514462 /* Landmarks */ = {
			isa = PBXGroup;
			children = (
				0DA0B03729AF3F5F00D08BF6 /* Model */,
				0DA0B03529AF3F3000D08BF6 /* Views */,
				0DA0B03629AF3F4100D08BF6 /* Resources */,
				0D46ACB529AE895C00514462 /* LandmarksApp.swift */,
				0D46ACB929AE895E00514462 /* Assets.xcassets */,
				0D46ACBB29AE895E00514462 /* Preview Content */,
			);
			path = Landmarks;
			sourceTree = "<group>";
		};
		0D46ACBB29AE895E00514462 /* Preview Content */ = {
			isa = PBXGroup;
			children = (
				0D46ACBC29AE895E00514462 /* Preview Assets.xcassets */,
			);
			path = "Preview Content";
			sourceTree = "<group>";
		};
		0D73CDF529AF51ED00FA32D2 /* Badges */ = {
			isa = PBXGroup;
			children = (
				0D73CDF329AF51B800FA32D2 /* Badge.swift */,
				0D73CDF129AF519600FA32D2 /* RotatedBadgeSymbol.swift */,
				0D73CDED29AF4FDD00FA32D2 /* BadgeBackground.swift */,
				0D73CDEF29AF513D00FA32D2 /* BadgeSymbol.swift */,
				0D73CDEB29AF4F7C00FA32D2 /* HexagonParameters.swift */,
			);
			path = Badges;
			sourceTree = "<group>";
		};
		0D73CDFA29AF543400FA32D2 /* Hikes */ = {
			isa = PBXGroup;
			children = (
				0D73CDFB29AF543400FA32D2 /* GraphCapsule.swift */,
				0D73CDFC29AF543400FA32D2 /* HikeGraph.swift */,
				0D73CDFD29AF543400FA32D2 /* HikeDetail.swift */,
				0D73CDFE29AF543400FA32D2 /* HikeView.swift */,
				0D73CE1029AF5C9000FA32D2 /* HikeBadge.swift */,
			);
			path = Hikes;
			sourceTree = "<group>";
		};
		0D73CE0B29AF5C0200FA32D2 /* Profiles */ = {
			isa = PBXGroup;
			children = (
				0D73CE0929AF5BE200FA32D2 /* Profile.swift */,
				0D73CE0C29AF5C2400FA32D2 /* ProfileHost.swift */,
				0D73CE0E29AF5C4500FA32D2 /* ProfileSummary.swift */,
				0D73CE1229AF5E4700FA32D2 /* ProfileEditor.swift .swift */,
			);
			path = Profiles;
			sourceTree = "<group>";
		};
		0DA0B03529AF3F3000D08BF6 /* Views */ = {
			isa = PBXGroup;
			children = (
				0D46ACB729AE895C00514462 /* ContentView.swift */,
				0D73CE0329AF578D00FA32D2 /* CategoryHome.swift */,
				0D73CE0529AF585300FA32D2 /* CategoryRow.swift */,
				0D73CE0729AF588E00FA32D2 /* CategoryItem.swift */,
				0D73CE1429AF601A00FA32D2 /* PageViewController.swift .swift */,
				0D73CE1829AF60E000FA32D2 /* PageView.swift */,
				0D73CE1A29AF62B900FA32D2 /* PageControl.swift */,
				0D73CE1629AF609A00FA32D2 /* FeatureCard.swift */,
				0D73CE0B29AF5C0200FA32D2 /* Profiles */,
				0D73CDFA29AF543400FA32D2 /* Hikes */,
				0D73CDF529AF51ED00FA32D2 /* Badges */,
				0DA0B04429AF4E1400D08BF6 /* Landmarks */,
				0DA0B04329AF4DE400D08BF6 /* Helpers */,
			);
			path = Views;
			sourceTree = "<group>";
		};
		0DA0B03629AF3F4100D08BF6 /* Resources */ = {
			isa = PBXGroup;
			children = (
				0D73CDF629AF539A00FA32D2 /* hikeData.json */,
				0DA0B02E29AF3D5400D08BF6 /* landmarkData.json */,
			);
			path = Resources;
			sourceTree = "<group>";
		};
		0DA0B03729AF3F5F00D08BF6 /* Model */ = {
			isa = PBXGroup;
			children = (
				0DA0B03229AF3E6100D08BF6 /* ModelData.swift */,
				0DA0B03029AF3D7E00D08BF6 /* Landmark.swift */,
				0D73CDF829AF53B300FA32D2 /* Hike.swift */,
			);
			path = Model;
			sourceTree = "<group>";
		};
		0DA0B04329AF4DE400D08BF6 /* Helpers */ = {
			isa = PBXGroup;
			children = (
				0D6160CB29AE8CED0086B94E /* CircleImage.swift */,
				0D6160CD29AE8E480086B94E /* MapView.swift */,
				0DA0B04129AF4D7000D08BF6 /* FavoriteButton.swift */,
			);
			path = Helpers;
			sourceTree = "<group>";
		};
		0DA0B04429AF4E1400D08BF6 /* Landmarks */ = {
			isa = PBXGroup;
			children = (
				0DA0B03D29AF420400D08BF6 /* LandmarkList.swift */,
				0DA0B03A29AF404200D08BF6 /* LandmarkRow.swift */,
				0DA0B03F29AF431C00D08BF6 /* LandmarkDetail.swift */,
			);
			path = Landmarks;
			sourceTree = "<group>";
		};
/* End PBXGroup section */

/* Begin PBXNativeTarget section */
		0D46ACB129AE895C00514462 /* Landmarks */ = {
			isa = PBXNativeTarget;
			buildConfigurationList = 0D46ACC029AE895E00514462 /* Build configuration list for PBXNativeTarget "Landmarks" */;
			buildPhases = (
				0D46ACAE29AE895C00514462 /* Sources */,
				0D46ACAF29AE895C00514462 /* Frameworks */,
				0D46ACB029AE895C00514462 /* Resources */,
			);
			buildRules = (
			);
			dependencies = (
			);
			name = Landmarks;
			productName = Landmarks;
			productReference = 0D46ACB229AE895C00514462 /* Landmarks.app */;
			productType = "com.apple.product-type.application";
		};
/* End PBXNativeTarget section */

/* Begin PBXProject section */
		0D46ACAA29AE895C00514462 /* Project object */ = {
			isa = PBXProject;
			attributes = {
				BuildIndependentTargetsInParallel = 1;
				LastSwiftUpdateCheck = 1420;
				LastUpgradeCheck = 1420;
				TargetAttributes = {
					0D46ACB129AE895C00514462 = {
						CreatedOnToolsVersion = 14.2;
					};
				};
			};
			buildConfigurationList = 0D46ACAD29AE895C00514462 /* Build configuration list for PBXProject "Landmarks" */;
			compatibilityVersion = "Xcode 14.0";
			developmentRegion = en;
			hasScannedForEncodings = 0;
			knownRegions = (
				en,
				Base,
			);
			mainGroup = 0D46ACA929AE895C00514462;
			productRefGroup = 0D46ACB329AE895C00514462 /* Products */;
			projectDirPath = "";
			projectRoot = "";
			targets = (
				0D46ACB129AE895C00514462 /* Landmarks */,
			);
		};
/* End PBXProject section */

/* Begin PBXResourcesBuildPhase section */
		0D46ACB029AE895C00514462 /* Resources */ = {
			isa = PBXResourcesBuildPhase;
			buildActionMask = 2147483647;
			files = (
				0D73CDF729AF539A00FA32D2 /* hikeData.json in Resources */,
				0D46ACBD29AE895E00514462 /* Preview Assets.xcassets in Resources */,
				0D46ACBA29AE895E00514462 /* Assets.xcassets in Resources */,
				0DA0B02F29AF3D5400D08BF6 /* landmarkData.json in Resources */,
			);
			runOnlyForDeploymentPostprocessing = 0;
		};
/* End PBXResourcesBuildPhase section */

/* Begin PBXSourcesBuildPhase section */
		0D46ACAE29AE895C00514462 /* Sources */ = {
			isa = PBXSourcesBuildPhase;
			buildActionMask = 2147483647;
			files = (
				0D73CE0629AF585300FA32D2 /* CategoryRow.swift in Sources */,
				0D73CE0A29AF5BE200FA32D2 /* Profile.swift in Sources */,
				0D46ACB829AE895C00514462 /* ContentView.swift in Sources */,
				0D73CE0429AF578D00FA32D2 /* CategoryHome.swift in Sources */,
				0D73CE1729AF609A00FA32D2 /* FeatureCard.swift in Sources */,
				0D73CE0029AF543400FA32D2 /* HikeGraph.swift in Sources */,
				0D73CDF429AF51B800FA32D2 /* Badge.swift in Sources */,
				0D6160CE29AE8E480086B94E /* MapView.swift in Sources */,
				0D73CDFF29AF543400FA32D2 /* GraphCapsule.swift in Sources */,
				0D46ACB629AE895C00514462 /* LandmarksApp.swift in Sources */,
				0D73CE1B29AF62B900FA32D2 /* PageControl.swift in Sources */,
				0DA0B04229AF4D7000D08BF6 /* FavoriteButton.swift in Sources */,
				0D73CE0829AF588E00FA32D2 /* CategoryItem.swift in Sources */,
				0D73CE0129AF543400FA32D2 /* HikeDetail.swift in Sources */,
				0D73CE1529AF601A00FA32D2 /* PageViewController.swift .swift in Sources */,
				0D73CE0F29AF5C4500FA32D2 /* ProfileSummary.swift in Sources */,
				0D73CDEC29AF4F7C00FA32D2 /* HexagonParameters.swift in Sources */,
				0D73CE0D29AF5C2400FA32D2 /* ProfileHost.swift in Sources */,
				0D73CDF929AF53B300FA32D2 /* Hike.swift in Sources */,
				0D73CE1929AF60E000FA32D2 /* PageView.swift in Sources */,
				0D73CE1329AF5E4700FA32D2 /* ProfileEditor.swift .swift in Sources */,
				0D73CDF229AF519600FA32D2 /* RotatedBadgeSymbol.swift in Sources */,
				0D73CDF029AF513D00FA32D2 /* BadgeSymbol.swift in Sources */,
				0DA0B03E29AF420400D08BF6 /* LandmarkList.swift in Sources */,
				0D73CE0229AF543400FA32D2 /* HikeView.swift in Sources */,
				0DA0B04029AF431C00D08BF6 /* LandmarkDetail.swift in Sources */,
				0D73CDEE29AF4FDD00FA32D2 /* BadgeBackground.swift in Sources */,
				0D73CE1129AF5C9000FA32D2 /* HikeBadge.swift in Sources */,
				0D6160CC29AE8CED0086B94E /* CircleImage.swift in Sources */,
				0DA0B03129AF3D7E00D08BF6 /* Landmark.swift in Sources */,
				0DA0B03B29AF404200D08BF6 /* LandmarkRow.swift in Sources */,
				0DA0B03329AF3E6100D08BF6 /* ModelData.swift in Sources */,
			);
			runOnlyForDeploymentPostprocessing = 0;
		};
/* End PBXSourcesBuildPhase section */

/* Begin XCBuildConfiguration section */
		0D46ACBE29AE895E00514462 /* Debug */ = {
			isa = XCBuildConfiguration;
			buildSettings = {
				ALWAYS_SEARCH_USER_PATHS = NO;
				CLANG_ANALYZER_NONNULL = YES;
				CLANG_ANALYZER_NUMBER_OBJECT_CONVERSION = YES_AGGRESSIVE;
				CLANG_CXX_LANGUAGE_STANDARD = "gnu++20";
				CLANG_ENABLE_MODULES = YES;
				CLANG_ENABLE_OBJC_ARC = YES;
				CLANG_ENABLE_OBJC_WEAK = YES;
				CLANG_WARN_BLOCK_CAPTURE_AUTORELEASING = YES;
				CLANG_WARN_BOOL_CONVERSION = YES;
				CLANG_WARN_COMMA = YES;
				CLANG_WARN_CONSTANT_CONVERSION = YES;
				CLANG_WARN_DEPRECATED_OBJC_IMPLEMENTATIONS = YES;
				CLANG_WARN_DIRECT_OBJC_ISA_USAGE = YES_ERROR;
				CLANG_WARN_DOCUMENTATION_COMMENTS = YES;
				CLANG_WARN_EMPTY_BODY = YES;
				CLANG_WARN_ENUM_CONVERSION = YES;
				CLANG_WARN_INFINITE_RECURSION = YES;
				CLANG_WARN_INT_CONVERSION = YES;
				CLANG_WARN_NON_LITERAL_NULL_CONVERSION = YES;
				CLANG_WARN_OBJC_IMPLICIT_RETAIN_SELF = YES;
				CLANG_WARN_OBJC_LITERAL_CONVERSION = YES;
				CLANG_WARN_OBJC_ROOT_CLASS = YES_ERROR;
				CLANG_WARN_QUOTED_INCLUDE_IN_FRAMEWORK_HEADER = YES;
				CLANG_WARN_RANGE_LOOP_ANALYSIS = YES;
				CLANG_WARN_STRICT_PROTOTYPES = YES;
				CLANG_WARN_SUSPICIOUS_MOVE = YES;
				CLANG_WARN_UNGUARDED_AVAILABILITY = YES_AGGRESSIVE;
				CLANG_WARN_UNREACHABLE_CODE = YES;
				CLANG_WARN__DUPLICATE_METHOD_MATCH = YES;
				COPY_PHASE_STRIP = NO;
				DEBUG_INFORMATION_FORMAT = dwarf;
				ENABLE_STRICT_OBJC_MSGSEND = YES;
				ENABLE_TESTABILITY = YES;
				GCC_C_LANGUAGE_STANDARD = gnu11;
				GCC_DYNAMIC_NO_PIC = NO;
				GCC_NO_COMMON_BLOCKS = YES;
				GCC_OPTIMIZATION_LEVEL = 0;
				GCC_PREPROCESSOR_DEFINITIONS = (
					"DEBUG=1",
					"$(inherited)",
				);
				GCC_WARN_64_TO_32_BIT_CONVERSION = YES;
				GCC_WARN_ABOUT_RETURN_TYPE = YES_ERROR;
				GCC_WARN_UNDECLARED_SELECTOR = YES;
				GCC_WARN_UNINITIALIZED_AUTOS = YES_AGGRESSIVE;
				GCC_WARN_UNUSED_FUNCTION = YES;
				GCC_WARN_UNUSED_VARIABLE = YES;
				IPHONEOS_DEPLOYMENT_TARGET = 16.2;
				MTL_ENABLE_DEBUG_INFO = INCLUDE_SOURCE;
				MTL_FAST_MATH = YES;
				ONLY_ACTIVE_ARCH = YES;
				SDKROOT = iphoneos;
				SWIFT_ACTIVE_COMPILATION_CONDITIONS = DEBUG;
				SWIFT_OPTIMIZATION_LEVEL = "-Onone";
			};
			name = Debug;
		};
		0D46ACBF29AE895E00514462 /* Release */ = {
			isa = XCBuildConfiguration;
			buildSettings = {
				ALWAYS_SEARCH_USER_PATHS = NO;
				CLANG_ANALYZER_NONNULL = YES;
				CLANG_ANALYZER_NUMBER_OBJECT_CONVERSION = YES_AGGRESSIVE;
				CLANG_CXX_LANGUAGE_STANDARD = "gnu++20";
				CLANG_ENABLE_MODULES = YES;
				CLANG_ENABLE_OBJC_ARC = YES;
				CLANG_ENABLE_OBJC_WEAK = YES;
				CLANG_WARN_BLOCK_CAPTURE_AUTORELEASING = YES;
				CLANG_WARN_BOOL_CONVERSION = YES;
				CLANG_WARN_COMMA = YES;
				CLANG_WARN_CONSTANT_CONVERSION = YES;
				CLANG_WARN_DEPRECATED_OBJC_IMPLEMENTATIONS = YES;
				CLANG_WARN_DIRECT_OBJC_ISA_USAGE = YES_ERROR;
				CLANG_WARN_DOCUMENTATION_COMMENTS = YES;
				CLANG_WARN_EMPTY_BODY = YES;
				CLANG_WARN_ENUM_CONVERSION = YES;
				CLANG_WARN_INFINITE_RECURSION = YES;
				CLANG_WARN_INT_CONVERSION = YES;
				CLANG_WARN_NON_LITERAL_NULL_CONVERSION = YES;
				CLANG_WARN_OBJC_IMPLICIT_RETAIN_SELF = YES;
				CLANG_WARN_OBJC_LITERAL_CONVERSION = YES;
				CLANG_WARN_OBJC_ROOT_CLASS = YES_ERROR;
				CLANG_WARN_QUOTED_INCLUDE_IN_FRAMEWORK_HEADER = YES;
				CLANG_WARN_RANGE_LOOP_ANALYSIS = YES;
				CLANG_WARN_STRICT_PROTOTYPES = YES;
				CLANG_WARN_SUSPICIOUS_MOVE = YES;
				CLANG_WARN_UNGUARDED_AVAILABILITY = YES_AGGRESSIVE;
				CLANG_WARN_UNREACHABLE_CODE = YES;
				CLANG_WARN__DUPLICATE_METHOD_MATCH = YES;
				COPY_PHASE_STRIP = NO;
				DEBUG_INFORMATION_FORMAT = "dwarf-with-dsym";
				ENABLE_NS_ASSERTIONS = NO;
				ENABLE_STRICT_OBJC_MSGSEND = YES;
				GCC_C_LANGUAGE_STANDARD = gnu11;
				GCC_NO_COMMON_BLOCKS = YES;
				GCC_WARN_64_TO_32_BIT_CONVERSION = YES;
				GCC_WARN_ABOUT_RETURN_TYPE = YES_ERROR;
				GCC_WARN_UNDECLARED_SELECTOR = YES;
				GCC_WARN_UNINITIALIZED_AUTOS = YES_AGGRESSIVE;
				GCC_WARN_UNUSED_FUNCTION = YES;
				GCC_WARN_UNUSED_VARIABLE = YES;
				IPHONEOS_DEPLOYMENT_TARGET = 16.2;
				MTL_ENABLE_DEBUG_INFO = NO;
				MTL_FAST_MATH = YES;
				SDKROOT = iphoneos;
				SWIFT_COMPILATION_MODE = wholemodule;
				SWIFT_OPTIMIZATION_LEVEL = "-O";
				VALIDATE_PRODUCT = YES;
			};
			name = Release;
		};
		0D46ACC129AE895E00514462 /* Debug */ = {
			isa = XCBuildConfiguration;
			buildSettings = {
				ASSETCATALOG_COMPILER_APPICON_NAME = AppIcon;
				ASSETCATALOG_COMPILER_GLOBAL_ACCENT_COLOR_NAME = AccentColor;
				CODE_SIGN_STYLE = Automatic;
				CURRENT_PROJECT_VERSION = 1;
				DEVELOPMENT_ASSET_PATHS = "\"Landmarks/Preview Content\"";
				DEVELOPMENT_TEAM = 2Q7MLL9U77;
				ENABLE_PREVIEWS = YES;
				GENERATE_INFOPLIST_FILE = YES;
				INFOPLIST_KEY_UIApplicationSceneManifest_Generation = YES;
				INFOPLIST_KEY_UIApplicationSupportsIndirectInputEvents = YES;
				INFOPLIST_KEY_UILaunchScreen_Generation = YES;
				INFOPLIST_KEY_UISupportedInterfaceOrientations_iPad = "UIInterfaceOrientationPortrait UIInterfaceOrientationPortraitUpsideDown UIInterfaceOrientationLandscapeLeft UIInterfaceOrientationLandscapeRight";
				INFOPLIST_KEY_UISupportedInterfaceOrientations_iPhone = "UIInterfaceOrientationPortrait UIInterfaceOrientationLandscapeLeft UIInterfaceOrientationLandscapeRight";
				LD_RUNPATH_SEARCH_PATHS = (
					"$(inherited)",
					"@executable_path/Frameworks",
				);
				MARKETING_VERSION = 1.0;
				PRODUCT_BUNDLE_IDENTIFIER = IA.Landmarks;
				PRODUCT_NAME = "$(TARGET_NAME)";
				SWIFT_EMIT_LOC_STRINGS = YES;
				SWIFT_VERSION = 5.0;
				TARGETED_DEVICE_FAMILY = "1,2";
			};
			name = Debug;
		};
		0D46ACC229AE895E00514462 /* Release */ = {
			isa = XCBuildConfiguration;
			buildSettings = {
				ASSETCATALOG_COMPILER_APPICON_NAME = AppIcon;
				ASSETCATALOG_COMPILER_GLOBAL_ACCENT_COLOR_NAME = AccentColor;
				CODE_SIGN_STYLE = Automatic;
				CURRENT_PROJECT_VERSION = 1;
				DEVELOPMENT_ASSET_PATHS = "\"Landmarks/Preview Content\"";
				DEVELOPMENT_TEAM = 2Q7MLL9U77;
				ENABLE_PREVIEWS = YES;
				GENERATE_INFOPLIST_FILE = YES;
				INFOPLIST_KEY_UIApplicationSceneManifest_Generation = YES;
				INFOPLIST_KEY_UIApplicationSupportsIndirectInputEvents = YES;
				INFOPLIST_KEY_UILaunchScreen_Generation = YES;
				INFOPLIST_KEY_UISupportedInterfaceOrientations_iPad = "UIInterfaceOrientationPortrait UIInterfaceOrientationPortraitUpsideDown UIInterfaceOrientationLandscapeLeft UIInterfaceOrientationLandscapeRight";
				INFOPLIST_KEY_UISupportedInterfaceOrientations_iPhone = "UIInterfaceOrientationPortrait UIInterfaceOrientationLandscapeLeft UIInterfaceOrientationLandscapeRight";
				LD_RUNPATH_SEARCH_PATHS = (
					"$(inherited)",
					"@executable_path/Frameworks",
				);
				MARKETING_VERSION = 1.0;
				PRODUCT_BUNDLE_IDENTIFIER = IA.Landmarks;
				PRODUCT_NAME = "$(TARGET_NAME)";
				SWIFT_EMIT_LOC_STRINGS = YES;
				SWIFT_VERSION = 5.0;
				TARGETED_DEVICE_FAMILY = "1,2";
			};
			name = Release;
		};
/* End XCBuildConfiguration section */

/* Begin XCConfigurationList section */
		0D46ACAD29AE895C00514462 /* Build configuration list for PBXProject "Landmarks" */ = {
			isa = XCConfigurationList;
			buildConfigurations = (
				0D46ACBE29AE895E00514462 /* Debug */,
				0D46ACBF29AE895E00514462 /* Release */,
			);
			defaultConfigurationIsVisible = 0;
			defaultConfigurationName = Release;
		};
		0D46ACC029AE895E00514462 /* Build configuration list for PBXNativeTarget "Landmarks" */ = {
			isa = XCConfigurationList;
			buildConfigurations = (
				0D46ACC129AE895E00514462 /* Debug */,
				0D46ACC229AE895E00514462 /* Release */,
			);
			defaultConfigurationIsVisible = 0;
			defaultConfigurationName = Release;
		};
/* End XCConfigurationList section */
	};
	rootObject = 0D46ACAA29AE895C00514462 /* Project object */;
}
